
Microsoft Visual Studio Solution File, Format Version 12.00
# Visual Studio Version 17
VisualStudioVersion = 17.2.32616.157
MinimumVisualStudioVersion = 10.0.40219.1
Project("{FAE04EC0-301F-11D3-BF4B-00C04F79EFBC}") = "HelloWorld", "HelloWorld\HelloWorld.csproj", "{BB170BA0-07B3-4BF6-9C86-62F1FFE24E60}"
EndProject
Global
	GlobalSection(SolutionConfigurationPlatforms) = preSolution
		Debug|Any CPU = Debug|Any CPU
		Release|Any CPU = Release|Any CPU
	EndGlobalSection
	GlobalSection(ProjectConfigurationPlatforms) = postSolution
		{BB170BA0-07B3-4BF6-9C86-62F1FFE24E60}.Debug|Any CPU.ActiveCfg = Debug|Any CPU
		{BB170BA0-07B3-4BF6-9C86-62F1FFE24E60}.Debug|Any CPU.Build.0 = Debug|Any CPU
		{BB170BA0-07B3-4BF6-9C86-62F1FFE24E60}.Release|Any CPU.ActiveCfg = Release|Any CPU
		{BB170BA0-07B3-4BF6-9C86-62F1FFE24E60}.Release|Any CPU.Build.0 = Release|Any CPU
	EndGlobalSection
	GlobalSection(SolutionProperties) = preSolution
		HideSolutionNode = FALSE
	EndGlobalSection
	GlobalSection(ExtensibilityGlobals) = postSolution
		SolutionGuid = {8DEEE466-C3C6-477B-938B-E6ED933A54BC}
	EndGlobalSection
EndGlobal
